
Microsoft Visual Studio Solution File, Format Version 12.00
# Visual Studio Version 17
VisualStudioVersion = 17.2.32516.85
MinimumVisualStudioVersion = 10.0.40219.1
Project("{FAE04EC0-301F-11D3-BF4B-00C04F79EFBC}") = "Kasir", "Kasir.csproj", "{BCBB7323-59CC-4E22-928D-17AD6923EC2E}"
EndProject
Global
	GlobalSection(SolutionConfigurationPlatforms) = preSolution
		Debug|Any CPU = Debug|Any CPU
		Release|Any CPU = Release|Any CPU
	EndGlobalSection
	GlobalSection(ProjectConfigurationPlatforms) = postSolution
		{BCBB7323-59CC-4E22-928D-17AD6923EC2E}.Debug|Any CPU.ActiveCfg = Debug|Any CPU
		{BCBB7323-59CC-4E22-928D-17AD6923EC2E}.Debug|Any CPU.Build.0 = Debug|Any CPU
		{BCBB7323-59CC-4E22-928D-17AD6923EC2E}.Release|Any CPU.ActiveCfg = Release|Any CPU
		{BCBB7323-59CC-4E22-928D-17AD6923EC2E}.Release|Any CPU.Build.0 = Release|Any CPU
	EndGlobalSection
	GlobalSection(SolutionProperties) = preSolution
		HideSolutionNode = FALSE
	EndGlobalSection
	GlobalSection(ExtensibilityGlobals) = postSolution
		SolutionGuid = {BC2C2B9F-1DED-4C3A-BF45-70FEB6450822}
	EndGlobalSection
EndGlobal
